// !$*UTF8*$!
{
	archiveVersion = 1;
	classes = {
	};
	objectVersion = 50;
	objects = {

/* Begin PBXBuildFile section */
		C5F8F6AD210A087300FBDABB /* AppDelegate.m in Sources */ = {isa = PBXBuildFile; fileRef = C5F8F6AC210A087300FBDABB /* AppDelegate.m */; };
		C5F8F6B0210A087300FBDABB /* ViewController.m in Sources */ = {isa = PBXBuildFile; fileRef = C5F8F6AF210A087300FBDABB /* ViewController.m */; };
		C5F8F6B5210A087500FBDABB /* Assets.xcassets in Resources */ = {isa = PBXBuildFile; fileRef = C5F8F6B4210A087500FBDABB /* Assets.xcassets */; };
		C5F8F6B8210A087500FBDABB /* LaunchScreen.storyboard in Resources */ = {isa = PBXBuildFile; fileRef = C5F8F6B6210A087500FBDABB /* LaunchScreen.storyboard */; };
		C5F8F6BB210A087500FBDABB /* main.m in Sources */ = {isa = PBXBuildFile; fileRef = C5F8F6BA210A087500FBDABB /* main.m */; };
		C5F8F6C5210A087500FBDABB /* WBManageStatusBarStyleDemoTests.m in Sources */ = {isa = PBXBuildFile; fileRef = C5F8F6C4210A087500FBDABB /* WBManageStatusBarStyleDemoTests.m */; };
		C5F8F6D0210A087500FBDABB /* WBManageStatusBarStyleDemoUITests.m in Sources */ = {isa = PBXBuildFile; fileRef = C5F8F6CF210A087500FBDABB /* WBManageStatusBarStyleDemoUITests.m */; };
		C5F8F6DF210A08B100FBDABB /* WBNavigationController.m in Sources */ = {isa = PBXBuildFile; fileRef = C5F8F6DE210A08B100FBDABB /* WBNavigationController.m */; };
		C5F8F6E2210A09C800FBDABB /* NextViewController.m in Sources */ = {isa = PBXBuildFile; fileRef = C5F8F6E1210A09C800FBDABB /* NextViewController.m */; };
		D0B5298E213506B600D957CF /* UINavigationBar+WBBarStyle.m in Sources */ = {isa = PBXBuildFile; fileRef = D0B5298D213506B600D957CF /* UINavigationBar+WBBarStyle.m */; };
/* End PBXBuildFile section */

/* Begin PBXContainerItemProxy section */
		C5F8F6C1210A087500FBDABB /* PBXContainerItemProxy */ = {
			isa = PBXContainerItemProxy;
			containerPortal = C5F8F6A0210A087300FBDABB /* Project object */;
			proxyType = 1;
			remoteGlobalIDString = C5F8F6A7210A087300FBDABB;
			remoteInfo = WBManageStatusBarStyleDemo;
		};
		C5F8F6CC210A087500FBDABB /* PBXContainerItemProxy */ = {
			isa = PBXContainerItemProxy;
			containerPortal = C5F8F6A0210A087300FBDABB /* Project object */;
			proxyType = 1;
			remoteGlobalIDString = C5F8F6A7210A087300FBDABB;
			remoteInfo = WBManageStatusBarStyleDemo;
		};
/* End PBXContainerItemProxy section */

/* Begin PBXFileReference section */
		C5F8F6A8210A087300FBDABB /* WBManageStatusBarStyleDemo.app */ = {isa = PBXFileReference; explicitFileType = wrapper.application; includeInIndex = 0; path = WBManageStatusBarStyleDemo.app; sourceTree = BUILT_PRODUCTS_DIR; };
		C5F8F6AB210A087300FBDABB /* AppDelegate.h */ = {isa = PBXFileReference; lastKnownFileType = sourcecode.c.h; path = AppDelegate.h; sourceTree = "<group>"; };
		C5F8F6AC210A087300FBDABB /* AppDelegate.m */ = {isa = PBXFileReference; lastKnownFileType = sourcecode.c.objc; path = AppDelegate.m; sourceTree = "<group>"; };
		C5F8F6AE210A087300FBDABB /* ViewController.h */ = {isa = PBXFileReference; lastKnownFileType = sourcecode.c.h; path = ViewController.h; sourceTree = "<group>"; };
		C5F8F6AF210A087300FBDABB /* ViewController.m */ = {isa = PBXFileReference; lastKnownFileType = sourcecode.c.objc; path = ViewController.m; sourceTree = "<group>"; };
		C5F8F6B4210A087500FBDABB /* Assets.xcassets */ = {isa = PBXFileReference; lastKnownFileType = folder.assetcatalog; path = Assets.xcassets; sourceTree = "<group>"; };
		C5F8F6B7210A087500FBDABB /* Base */ = {isa = PBXFileReference; lastKnownFileType = file.storyboard; name = Base; path = Base.lproj/LaunchScreen.storyboard; sourceTree = "<group>"; };
		C5F8F6B9210A087500FBDABB /* Info.plist */ = {isa = PBXFileReference; lastKnownFileType = text.plist.xml; path = Info.plist; sourceTree = "<group>"; };
		C5F8F6BA210A087500FBDABB /* main.m */ = {isa = PBXFileReference; lastKnownFileType = sourcecode.c.objc; path = main.m; sourceTree = "<group>"; };
		C5F8F6C0210A087500FBDABB /* WBManageStatusBarStyleDemoTests.xctest */ = {isa = PBXFileReference; explicitFileType = wrapper.cfbundle; includeInIndex = 0; path = WBManageStatusBarStyleDemoTests.xctest; sourceTree = BUILT_PRODUCTS_DIR; };
		C5F8F6C4210A087500FBDABB /* WBManageStatusBarStyleDemoTests.m */ = {isa = PBXFileReference; lastKnownFileType = sourcecode.c.objc; path = WBManageStatusBarStyleDemoTests.m; sourceTree = "<group>"; };
		C5F8F6C6210A087500FBDABB /* Info.plist */ = {isa = PBXFileReference; lastKnownFileType = text.plist.xml; path = Info.plist; sourceTree = "<group>"; };
		C5F8F6CB210A087500FBDABB /* WBManageStatusBarStyleDemoUITests.xctest */ = {isa = PBXFileReference; explicitFileType = wrapper.cfbundle; includeInIndex = 0; path = WBManageStatusBarStyleDemoUITests.xctest; sourceTree = BUILT_PRODUCTS_DIR; };
		C5F8F6CF210A087500FBDABB /* WBManageStatusBarStyleDemoUITests.m */ = {isa = PBXFileReference; lastKnownFileType = sourcecode.c.objc; path = WBManageStatusBarStyleDemoUITests.m; sourceTree = "<group>"; };
		C5F8F6D1210A087500FBDABB /* Info.plist */ = {isa = PBXFileReference; lastKnownFileType = text.plist.xml; path = Info.plist; sourceTree = "<group>"; };
		C5F8F6DD210A08B100FBDABB /* WBNavigationController.h */ = {isa = PBXFileReference; lastKnownFileType = sourcecode.c.h; path = WBNavigationController.h; sourceTree = "<group>"; };
		C5F8F6DE210A08B100FBDABB /* WBNavigationController.m */ = {isa = PBXFileReference; lastKnownFileType = sourcecode.c.objc; path = WBNavigationController.m; sourceTree = "<group>"; };
		C5F8F6E0210A09C800FBDABB /* NextViewController.h */ = {isa = PBXFileReference; lastKnownFileType = sourcecode.c.h; path = NextViewController.h; sourceTree = "<group>"; };
		C5F8F6E1210A09C800FBDABB /* NextViewController.m */ = {isa = PBXFileReference; lastKnownFileType = sourcecode.c.objc; path = NextViewController.m; sourceTree = "<group>"; };
		D0B5298C213506B600D957CF /* UINavigationBar+WBBarStyle.h */ = {isa = PBXFileReference; fileEncoding = 4; lastKnownFileType = sourcecode.c.h; path = "UINavigationBar+WBBarStyle.h"; sourceTree = "<group>"; };
		D0B5298D213506B600D957CF /* UINavigationBar+WBBarStyle.m */ = {isa = PBXFileReference; fileEncoding = 4; lastKnownFileType = sourcecode.c.objc; path = "UINavigationBar+WBBarStyle.m"; sourceTree = "<group>"; };
/* End PBXFileReference section */

/* Begin PBXFrameworksBuildPhase section */
		C5F8F6A5210A087300FBDABB /* Frameworks */ = {
			isa = PBXFrameworksBuildPhase;
			buildActionMask = 2147483647;
			files = (
			);
			runOnlyForDeploymentPostprocessing = 0;
		};
		C5F8F6BD210A087500FBDABB /* Frameworks */ = {
			isa = PBXFrameworksBuildPhase;
			buildActionMask = 2147483647;
			files = (
			);
			runOnlyForDeploymentPostprocessing = 0;
		};
		C5F8F6C8210A087500FBDABB /* Frameworks */ = {
			isa = PBXFrameworksBuildPhase;
			buildActionMask = 2147483647;
			files = (
			);
			runOnlyForDeploymentPostprocessing = 0;
		};
/* End PBXFrameworksBuildPhase section */

/* Begin PBXGroup section */
		C5F8F69F210A087300FBDABB = {
			isa = PBXGroup;
			children = (
				C5F8F6AA210A087300FBDABB /* WBManageStatusBarStyleDemo */,
				C5F8F6C3210A087500FBDABB /* WBManageStatusBarStyleDemoTests */,
				C5F8F6CE210A087500FBDABB /* WBManageStatusBarStyleDemoUITests */,
				C5F8F6A9210A087300FBDABB /* Products */,
			);
			sourceTree = "<group>";
		};
		C5F8F6A9210A087300FBDABB /* Products */ = {
			isa = PBXGroup;
			children = (
				C5F8F6A8210A087300FBDABB /* WBManageStatusBarStyleDemo.app */,
				C5F8F6C0210A087500FBDABB /* WBManageStatusBarStyleDemoTests.xctest */,
				C5F8F6CB210A087500FBDABB /* WBManageStatusBarStyleDemoUITests.xctest */,
			);
			name = Products;
			sourceTree = "<group>";
		};
		C5F8F6AA210A087300FBDABB /* WBManageStatusBarStyleDemo */ = {
			isa = PBXGroup;
			children = (
				D0B5298B213506B600D957CF /* UINavigationBar */,
				C5F8F6AB210A087300FBDABB /* AppDelegate.h */,
				C5F8F6AC210A087300FBDABB /* AppDelegate.m */,
				C5F8F6AE210A087300FBDABB /* ViewController.h */,
				C5F8F6AF210A087300FBDABB /* ViewController.m */,
				C5F8F6E0210A09C800FBDABB /* NextViewController.h */,
				C5F8F6E1210A09C800FBDABB /* NextViewController.m */,
				C5F8F6DD210A08B100FBDABB /* WBNavigationController.h */,
				C5F8F6DE210A08B100FBDABB /* WBNavigationController.m */,
				C5F8F6B4210A087500FBDABB /* Assets.xcassets */,
				C5F8F6B6210A087500FBDABB /* LaunchScreen.storyboard */,
				C5F8F6B9210A087500FBDABB /* Info.plist */,
				C5F8F6BA210A087500FBDABB /* main.m */,
			);
			path = WBManageStatusBarStyleDemo;
			sourceTree = "<group>";
		};
		C5F8F6C3210A087500FBDABB /* WBManageStatusBarStyleDemoTests */ = {
			isa = PBXGroup;
			children = (
				C5F8F6C4210A087500FBDABB /* WBManageStatusBarStyleDemoTests.m */,
				C5F8F6C6210A087500FBDABB /* Info.plist */,
			);
			path = WBManageStatusBarStyleDemoTests;
			sourceTree = "<group>";
		};
		C5F8F6CE210A087500FBDABB /* WBManageStatusBarStyleDemoUITests */ = {
			isa = PBXGroup;
			children = (
				C5F8F6CF210A087500FBDABB /* WBManageStatusBarStyleDemoUITests.m */,
				C5F8F6D1210A087500FBDABB /* Info.plist */,
			);
			path = WBManageStatusBarStyleDemoUITests;
			sourceTree = "<group>";
		};
		D0B5298B213506B600D957CF /* UINavigationBar */ = {
			isa = PBXGroup;
			children = (
				D0B5298C213506B600D957CF /* UINavigationBar+WBBarStyle.h */,
				D0B5298D213506B600D957CF /* UINavigationBar+WBBarStyle.m */,
			);
			path = UINavigationBar;
			sourceTree = "<group>";
		};
/* End PBXGroup section */

/* Begin PBXNativeTarget section */
		C5F8F6A7210A087300FBDABB /* WBManageStatusBarStyleDemo */ = {
			isa = PBXNativeTarget;
			buildConfigurationList = C5F8F6D4210A087500FBDABB /* Build configuration list for PBXNativeTarget "WBManageStatusBarStyleDemo" */;
			buildPhases = (
				C5F8F6A4210A087300FBDABB /* Sources */,
				C5F8F6A5210A087300FBDABB /* Frameworks */,
				C5F8F6A6210A087300FBDABB /* Resources */,
			);
			buildRules = (
			);
			dependencies = (
			);
			name = WBManageStatusBarStyleDemo;
			productName = WBManageStatusBarStyleDemo;
			productReference = C5F8F6A8210A087300FBDABB /* WBManageStatusBarStyleDemo.app */;
			productType = "com.apple.product-type.application";
		};
		C5F8F6BF210A087500FBDABB /* WBManageStatusBarStyleDemoTests */ = {
			isa = PBXNativeTarget;
			buildConfigurationList = C5F8F6D7210A087500FBDABB /* Build configuration list for PBXNativeTarget "WBManageStatusBarStyleDemoTests" */;
			buildPhases = (
				C5F8F6BC210A087500FBDABB /* Sources */,
				C5F8F6BD210A087500FBDABB /* Frameworks */,
				C5F8F6BE210A087500FBDABB /* Resources */,
			);
			buildRules = (
			);
			dependencies = (
				C5F8F6C2210A087500FBDABB /* PBXTargetDependency */,
			);
			name = WBManageStatusBarStyleDemoTests;
			productName = WBManageStatusBarStyleDemoTests;
			productReference = C5F8F6C0210A087500FBDABB /* WBManageStatusBarStyleDemoTests.xctest */;
			productType = "com.apple.product-type.bundle.unit-test";
		};
		C5F8F6CA210A087500FBDABB /* WBManageStatusBarStyleDemoUITests */ = {
			isa = PBXNativeTarget;
			buildConfigurationList = C5F8F6DA210A087500FBDABB /* Build configuration list for PBXNativeTarget "WBManageStatusBarStyleDemoUITests" */;
			buildPhases = (
				C5F8F6C7210A087500FBDABB /* Sources */,
				C5F8F6C8210A087500FBDABB /* Frameworks */,
				C5F8F6C9210A087500FBDABB /* Resources */,
			);
			buildRules = (
			);
			dependencies = (
				C5F8F6CD210A087500FBDABB /* PBXTargetDependency */,
			);
			name = WBManageStatusBarStyleDemoUITests;
			productName = WBManageStatusBarStyleDemoUITests;
			productReference = C5F8F6CB210A087500FBDABB /* WBManageStatusBarStyleDemoUITests.xctest */;
			productType = "com.apple.product-type.bundle.ui-testing";
		};
/* End PBXNativeTarget section */

/* Begin PBXProject section */
		C5F8F6A0210A087300FBDABB /* Project object */ = {
			isa = PBXProject;
			attributes = {
				LastUpgradeCheck = 0940;
				ORGANIZATIONNAME = "文波";
				TargetAttributes = {
					C5F8F6A7210A087300FBDABB = {
						CreatedOnToolsVersion = 9.4.1;
					};
					C5F8F6BF210A087500FBDABB = {
						CreatedOnToolsVersion = 9.4.1;
						TestTargetID = C5F8F6A7210A087300FBDABB;
					};
					C5F8F6CA210A087500FBDABB = {
						CreatedOnToolsVersion = 9.4.1;
						TestTargetID = C5F8F6A7210A087300FBDABB;
					};
				};
			};
			buildConfigurationList = C5F8F6A3210A087300FBDABB /* Build configuration list for PBXProject "WBManageStatusBarStyleDemo" */;
			compatibilityVersion = "Xcode 9.3";
			developmentRegion = en;
			hasScannedForEncodings = 0;
			knownRegions = (
				en,
				Base,
			);
			mainGroup = C5F8F69F210A087300FBDABB;
			productRefGroup = C5F8F6A9210A087300FBDABB /* Products */;
			projectDirPath = "";
			projectRoot = "";
			targets = (
				C5F8F6A7210A087300FBDABB /* WBManageStatusBarStyleDemo */,
				C5F8F6BF210A087500FBDABB /* WBManageStatusBarStyleDemoTests */,
				C5F8F6CA210A087500FBDABB /* WBManageStatusBarStyleDemoUITests */,
			);
		};
/* End PBXProject section */

/* Begin PBXResourcesBuildPhase section */
		C5F8F6A6210A087300FBDABB /* Resources */ = {
			isa = PBXResourcesBuildPhase;
			buildActionMask = 2147483647;
			files = (
				C5F8F6B8210A087500FBDABB /* LaunchScreen.storyboard in Resources */,
				C5F8F6B5210A087500FBDABB /* Assets.xcassets in Resources */,
			);
			runOnlyForDeploymentPostprocessing = 0;
		};
		C5F8F6BE210A087500FBDABB /* Resources */ = {
			isa = PBXResourcesBuildPhase;
			buildActionMask = 2147483647;
			files = (
			);
			runOnlyForDeploymentPostprocessing = 0;
		};
		C5F8F6C9210A087500FBDABB /* Resources */ = {
			isa = PBXResourcesBuildPhase;
			buildActionMask = 2147483647;
			files = (
			);
			runOnlyForDeploymentPostprocessing = 0;
		};
/* End PBXResourcesBuildPhase section */

/* Begin PBXSourcesBuildPhase section */
		C5F8F6A4210A087300FBDABB /* Sources */ = {
			isa = PBXSourcesBuildPhase;
			buildActionMask = 2147483647;
			files = (
				C5F8F6E2210A09C800FBDABB /* NextViewController.m in Sources */,
				C5F8F6DF210A08B100FBDABB /* WBNavigationController.m in Sources */,
				C5F8F6B0210A087300FBDABB /* ViewController.m in Sources */,
				C5F8F6BB210A087500FBDABB /* main.m in Sources */,
				D0B5298E213506B600D957CF /* UINavigationBar+WBBarStyle.m in Sources */,
				C5F8F6AD210A087300FBDABB /* AppDelegate.m in Sources */,
			);
			runOnlyForDeploymentPostprocessing = 0;
		};
		C5F8F6BC210A087500FBDABB /* Sources */ = {
			isa = PBXSourcesBuildPhase;
			buildActionMask = 2147483647;
			files = (
				C5F8F6C5210A087500FBDABB /* WBManageStatusBarStyleDemoTests.m in Sources */,
			);
			runOnlyForDeploymentPostprocessing = 0;
		};
		C5F8F6C7210A087500FBDABB /* Sources */ = {
			isa = PBXSourcesBuildPhase;
			buildActionMask = 2147483647;
			files = (
				C5F8F6D0210A087500FBDABB /* WBManageStatusBarStyleDemoUITests.m in Sources */,
			);
			runOnlyForDeploymentPostprocessing = 0;
		};
/* End PBXSourcesBuildPhase section */

/* Begin PBXTargetDependency section */
		C5F8F6C2210A087500FBDABB /* PBXTargetDependency */ = {
			isa = PBXTargetDependency;
			target = C5F8F6A7210A087300FBDABB /* WBManageStatusBarStyleDemo */;
			targetProxy = C5F8F6C1210A087500FBDABB /* PBXContainerItemProxy */;
		};
		C5F8F6CD210A087500FBDABB /* PBXTargetDependency */ = {
			isa = PBXTargetDependency;
			target = C5F8F6A7210A087300FBDABB /* WBManageStatusBarStyleDemo */;
			targetProxy = C5F8F6CC210A087500FBDABB /* PBXContainerItemProxy */;
		};
/* End PBXTargetDependency section */

/* Begin PBXVariantGroup section */
		C5F8F6B6210A087500FBDABB /* LaunchScreen.storyboard */ = {
			isa = PBXVariantGroup;
			children = (
				C5F8F6B7210A087500FBDABB /* Base */,
			);
			name = LaunchScreen.storyboard;
			sourceTree = "<group>";
		};
/* End PBXVariantGroup section */

/* Begin XCBuildConfiguration section */
		C5F8F6D2210A087500FBDABB /* Debug */ = {
			isa = XCBuildConfiguration;
			buildSettings = {
				ALWAYS_SEARCH_USER_PATHS = NO;
				CLANG_ANALYZER_NONNULL = YES;
				CLANG_ANALYZER_NUMBER_OBJECT_CONVERSION = YES_AGGRESSIVE;
				CLANG_CXX_LANGUAGE_STANDARD = "gnu++14";
				CLANG_CXX_LIBRARY = "libc++";
				CLANG_ENABLE_MODULES = YES;
				CLANG_ENABLE_OBJC_ARC = YES;
				CLANG_ENABLE_OBJC_WEAK = YES;
				CLANG_WARN_BLOCK_CAPTURE_AUTORELEASING = YES;
				CLANG_WARN_BOOL_CONVERSION = YES;
				CLANG_WARN_COMMA = YES;
				CLANG_WARN_CONSTANT_CONVERSION = YES;
				CLANG_WARN_DEPRECATED_OBJC_IMPLEMENTATIONS = YES;
				CLANG_WARN_DIRECT_OBJC_ISA_USAGE = YES_ERROR;
				CLANG_WARN_DOCUMENTATION_COMMENTS = YES;
				CLANG_WARN_EMPTY_BODY = YES;
				CLANG_WARN_ENUM_CONVERSION = YES;
				CLANG_WARN_INFINITE_RECURSION = YES;
				CLANG_WARN_INT_CONVERSION = YES;
				CLANG_WARN_NON_LITERAL_NULL_CONVERSION = YES;
				CLANG_WARN_OBJC_IMPLICIT_RETAIN_SELF = YES;
				CLANG_WARN_OBJC_LITERAL_CONVERSION = YES;
				CLANG_WARN_OBJC_ROOT_CLASS = YES_ERROR;
				CLANG_WARN_RANGE_LOOP_ANALYSIS = YES;
				CLANG_WARN_STRICT_PROTOTYPES = YES;
				CLANG_WARN_SUSPICIOUS_MOVE = YES;
				CLANG_WARN_UNGUARDED_AVAILABILITY = YES_AGGRESSIVE;
				CLANG_WARN_UNREACHABLE_CODE = YES;
				CLANG_WARN__DUPLICATE_METHOD_MATCH = YES;
				CODE_SIGN_IDENTITY = "iPhone Developer";
				COPY_PHASE_STRIP = NO;
				DEBUG_INFORMATION_FORMAT = dwarf;
				ENABLE_STRICT_OBJC_MSGSEND = YES;
				ENABLE_TESTABILITY = YES;
				GCC_C_LANGUAGE_STANDARD = gnu11;
				GCC_DYNAMIC_NO_PIC = NO;
				GCC_NO_COMMON_BLOCKS = YES;
				GCC_OPTIMIZATION_LEVEL = 0;
				GCC_PREPROCESSOR_DEFINITIONS = (
					"DEBUG=1",
					"$(inherited)",
				);
				GCC_WARN_64_TO_32_BIT_CONVERSION = YES;
				GCC_WARN_ABOUT_RETURN_TYPE = YES_ERROR;
				GCC_WARN_UNDECLARED_SELECTOR = YES;
				GCC_WARN_UNINITIALIZED_AUTOS = YES_AGGRESSIVE;
				GCC_WARN_UNUSED_FUNCTION = YES;
				GCC_WARN_UNUSED_VARIABLE = YES;
				IPHONEOS_DEPLOYMENT_TARGET = 11.4;
				MTL_ENABLE_DEBUG_INFO = YES;
				ONLY_ACTIVE_ARCH = YES;
				SDKROOT = iphoneos;
			};
			name = Debug;
		};
		C5F8F6D3210A087500FBDABB /* Release */ = {
			isa = XCBuildConfiguration;
			buildSettings = {
				ALWAYS_SEARCH_USER_PATHS = NO;
				CLANG_ANALYZER_NONNULL = YES;
				CLANG_ANALYZER_NUMBER_OBJECT_CONVERSION = YES_AGGRESSIVE;
				CLANG_CXX_LANGUAGE_STANDARD = "gnu++14";
				CLANG_CXX_LIBRARY = "libc++";
				CLANG_ENABLE_MODULES = YES;
				CLANG_ENABLE_OBJC_ARC = YES;
				CLANG_ENABLE_OBJC_WEAK = YES;
				CLANG_WARN_BLOCK_CAPTURE_AUTORELEASING = YES;
				CLANG_WARN_BOOL_CONVERSION = YES;
				CLANG_WARN_COMMA = YES;
				CLANG_WARN_CONSTANT_CONVERSION = YES;
				CLANG_WARN_DEPRECATED_OBJC_IMPLEMENTATIONS = YES;
				CLANG_WARN_DIRECT_OBJC_ISA_USAGE = YES_ERROR;
				CLANG_WARN_DOCUMENTATION_COMMENTS = YES;
				CLANG_WARN_EMPTY_BODY = YES;
				CLANG_WARN_ENUM_CONVERSION = YES;
				CLANG_WARN_INFINITE_RECURSION = YES;
				CLANG_WARN_INT_CONVERSION = YES;
				CLANG_WARN_NON_LITERAL_NULL_CONVERSION = YES;
				CLANG_WARN_OBJC_IMPLICIT_RETAIN_SELF = YES;
				CLANG_WARN_OBJC_LITERAL_CONVERSION = YES;
				CLANG_WARN_OBJC_ROOT_CLASS = YES_ERROR;
				CLANG_WARN_RANGE_LOOP_ANALYSIS = YES;
				CLANG_WARN_STRICT_PROTOTYPES = YES;
				CLANG_WARN_SUSPICIOUS_MOVE = YES;
				CLANG_WARN_UNGUARDED_AVAILABILITY = YES_AGGRESSIVE;
				CLANG_WARN_UNREACHABLE_CODE = YES;
				CLANG_WARN__DUPLICATE_METHOD_MATCH = YES;
				CODE_SIGN_IDENTITY = "iPhone Developer";
				COPY_PHASE_STRIP = NO;
				DEBUG_INFORMATION_FORMAT = "dwarf-with-dsym";
				ENABLE_NS_ASSERTIONS = NO;
				ENABLE_STRICT_OBJC_MSGSEND = YES;
				GCC_C_LANGUAGE_STANDARD = gnu11;
				GCC_NO_COMMON_BLOCKS = YES;
				GCC_WARN_64_TO_32_BIT_CONVERSION = YES;
				GCC_WARN_ABOUT_RETURN_TYPE = YES_ERROR;
				GCC_WARN_UNDECLARED_SELECTOR = YES;
				GCC_WARN_UNINITIALIZED_AUTOS = YES_AGGRESSIVE;
				GCC_WARN_UNUSED_FUNCTION = YES;
				GCC_WARN_UNUSED_VARIABLE = YES;
				IPHONEOS_DEPLOYMENT_TARGET = 11.4;
				MTL_ENABLE_DEBUG_INFO = NO;
				SDKROOT = iphoneos;
				VALIDATE_PRODUCT = YES;
			};
			name = Release;
		};
		C5F8F6D5210A087500FBDABB /* Debug */ = {
			isa = XCBuildConfiguration;
			buildSettings = {
				ASSETCATALOG_COMPILER_APPICON_NAME = AppIcon;
				CODE_SIGN_STYLE = Automatic;
				INFOPLIST_FILE = WBManageStatusBarStyleDemo/Info.plist;
				LD_RUNPATH_SEARCH_PATHS = (
					"$(inherited)",
					"@executable_path/Frameworks",
				);
				PRODUCT_BUNDLE_IDENTIFIER = Test.WBManageStatusBarStyleDemo;
				PRODUCT_NAME = "$(TARGET_NAME)";
				TARGETED_DEVICE_FAMILY = "1,2";
			};
			name = Debug;
		};
		C5F8F6D6210A087500FBDABB /* Release */ = {
			isa = XCBuildConfiguration;
			buildSettings = {
				ASSETCATALOG_COMPILER_APPICON_NAME = AppIcon;
				CODE_SIGN_STYLE = Automatic;
				INFOPLIST_FILE = WBManageStatusBarStyleDemo/Info.plist;
				LD_RUNPATH_SEARCH_PATHS = (
					"$(inherited)",
					"@executable_path/Frameworks",
				);
				PRODUCT_BUNDLE_IDENTIFIER = Test.WBManageStatusBarStyleDemo;
				PRODUCT_NAME = "$(TARGET_NAME)";
				TARGETED_DEVICE_FAMILY = "1,2";
			};
			name = Release;
		};
		C5F8F6D8210A087500FBDABB /* Debug */ = {
			isa = XCBuildConfiguration;
			buildSettings = {
				BUNDLE_LOADER = "$(TEST_HOST)";
				CODE_SIGN_STYLE = Automatic;
				INFOPLIST_FILE = WBManageStatusBarStyleDemoTests/Info.plist;
				LD_RUNPATH_SEARCH_PATHS = (
					"$(inherited)",
					"@executable_path/Frameworks",
					"@loader_path/Frameworks",
				);
				PRODUCT_BUNDLE_IDENTIFIER = Test.WBManageStatusBarStyleDemoTests;
				PRODUCT_NAME = "$(TARGET_NAME)";
				TARGETED_DEVICE_FAMILY = "1,2";
				TEST_HOST = "$(BUILT_PRODUCTS_DIR)/WBManageStatusBarStyleDemo.app/WBManageStatusBarStyleDemo";
			};
			name = Debug;
		};
		C5F8F6D9210A087500FBDABB /* Release */ = {
			isa = XCBuildConfiguration;
			buildSettings = {
				BUNDLE_LOADER = "$(TEST_HOST)";
				CODE_SIGN_STYLE = Automatic;
				INFOPLIST_FILE = WBManageStatusBarStyleDemoTests/Info.plist;
				LD_RUNPATH_SEARCH_PATHS = (
					"$(inherited)",
					"@executable_path/Frameworks",
					"@loader_path/Frameworks",
				);
				PRODUCT_BUNDLE_IDENTIFIER = Test.WBManageStatusBarStyleDemoTests;
				PRODUCT_NAME = "$(TARGET_NAME)";
				TARGETED_DEVICE_FAMILY = "1,2";
				TEST_HOST = "$(BUILT_PRODUCTS_DIR)/WBManageStatusBarStyleDemo.app/WBManageStatusBarStyleDemo";
			};
			name = Release;
		};
		C5F8F6DB210A087500FBDABB /* Debug */ = {
			isa = XCBuildConfiguration;
			buildSettings = {
				CODE_SIGN_STYLE = Automatic;
				INFOPLIST_FILE = WBManageStatusBarStyleDemoUITests/Info.plist;
				LD_RUNPATH_SEARCH_PATHS = (
					"$(inherited)",
					"@executable_path/Frameworks",
					"@loader_path/Frameworks",
				);
				PRODUCT_BUNDLE_IDENTIFIER = Test.WBManageStatusBarStyleDemoUITests;
				PRODUCT_NAME = "$(TARGET_NAME)";
				TARGETED_DEVICE_FAMILY = "1,2";
				TEST_TARGET_NAME = WBManageStatusBarStyleDemo;
			};
			name = Debug;
		};
		C5F8F6DC210A087500FBDABB /* Release */ = {
			isa = XCBuildConfiguration;
			buildSettings = {
				CODE_SIGN_STYLE = Automatic;
				INFOPLIST_FILE = WBManageStatusBarStyleDemoUITests/Info.plist;
				LD_RUNPATH_SEARCH_PATHS = (
					"$(inherited)",
					"@executable_path/Frameworks",
					"@loader_path/Frameworks",
				);
				PRODUCT_BUNDLE_IDENTIFIER = Test.WBManageStatusBarStyleDemoUITests;
				PRODUCT_NAME = "$(TARGET_NAME)";
				TARGETED_DEVICE_FAMILY = "1,2";
				TEST_TARGET_NAME = WBManageStatusBarStyleDemo;
			};
			name = Release;
		};
/* End XCBuildConfiguration section */

/* Begin XCConfigurationList section */
		C5F8F6A3210A087300FBDABB /* Build configuration list for PBXProject "WBManageStatusBarStyleDemo" */ = {
			isa = XCConfigurationList;
			buildConfigurations = (
				C5F8F6D2210A087500FBDABB /* Debug */,
				C5F8F6D3210A087500FBDABB /* Release */,
			);
			defaultConfigurationIsVisible = 0;
			defaultConfigurationName = Release;
		};
		C5F8F6D4210A087500FBDABB /* Build configuration list for PBXNativeTarget "WBManageStatusBarStyleDemo" */ = {
			isa = XCConfigurationList;
			buildConfigurations = (
				C5F8F6D5210A087500FBDABB /* Debug */,
				C5F8F6D6210A087500FBDABB /* Release */,
			);
			defaultConfigurationIsVisible = 0;
			defaultConfigurationName = Release;
		};
		C5F8F6D7210A087500FBDABB /* Build configuration list for PBXNativeTarget "WBManageStatusBarStyleDemoTests" */ = {
			isa = XCConfigurationList;
			buildConfigurations = (
				C5F8F6D8210A087500FBDABB /* Debug */,
				C5F8F6D9210A087500FBDABB /* Release */,
			);
			defaultConfigurationIsVisible = 0;
			defaultConfigurationName = Release;
		};
		C5F8F6DA210A087500FBDABB /* Build configuration list for PBXNativeTarget "WBManageStatusBarStyleDemoUITests" */ = {
			isa = XCConfigurationList;
			buildConfigurations = (
				C5F8F6DB210A087500FBDABB /* Debug */,
				C5F8F6DC210A087500FBDABB /* Release */,
			);
			defaultConfigurationIsVisible = 0;
			defaultConfigurationName = Release;
		};
/* End XCConfigurationList section */
	};
	rootObject = C5F8F6A0210A087300FBDABB /* Project object */;
}
